
Microsoft Visual Studio Solution File, Format Version 12.00
# Visual Studio Version 16
VisualStudioVersion = 16.0.31410.357
MinimumVisualStudioVersion = 10.0.40219.1
Project("{9A19103F-16F7-4668-BE54-9A1E7A4F7556}") = "DecoratorPattern", "DecoratorPattern\DecoratorPattern.csproj", "{3C2FB461-EB71-4D88-94D5-D97CF02D5B70}"
EndProject
Project("{FAE04EC0-301F-11D3-BF4B-00C04F79EFBC}") = "AbstractFactoryPattern", "AbstractFactoryPattern\AbstractFactoryPattern.csproj", "{D354627D-21BB-4C36-9686-95D01D66C481}"
EndProject
Project("{FAE04EC0-301F-11D3-BF4B-00C04F79EFBC}") = "FactoryPattern", "FactoryPattern\FactoryPattern.csproj", "{673264D0-549C-480B-9A94-F60F081A9803}"
EndProject
Global
	GlobalSection(SolutionConfigurationPlatforms) = preSolution
		Debug|Any CPU = Debug|Any CPU
		Release|Any CPU = Release|Any CPU
	EndGlobalSection
	GlobalSection(ProjectConfigurationPlatforms) = postSolution
		{3C2FB461-EB71-4D88-94D5-D97CF02D5B70}.Debug|Any CPU.ActiveCfg = Debug|Any CPU
		{3C2FB461-EB71-4D88-94D5-D97CF02D5B70}.Debug|Any CPU.Build.0 = Debug|Any CPU
		{3C2FB461-EB71-4D88-94D5-D97CF02D5B70}.Release|Any CPU.ActiveCfg = Release|Any CPU
		{3C2FB461-EB71-4D88-94D5-D97CF02D5B70}.Release|Any CPU.Build.0 = Release|Any CPU
		{D354627D-21BB-4C36-9686-95D01D66C481}.Debug|Any CPU.ActiveCfg = Debug|Any CPU
		{D354627D-21BB-4C36-9686-95D01D66C481}.Debug|Any CPU.Build.0 = Debug|Any CPU
		{D354627D-21BB-4C36-9686-95D01D66C481}.Release|Any CPU.ActiveCfg = Release|Any CPU
		{D354627D-21BB-4C36-9686-95D01D66C481}.Release|Any CPU.Build.0 = Release|Any CPU
		{673264D0-549C-480B-9A94-F60F081A9803}.Debug|Any CPU.ActiveCfg = Debug|Any CPU
		{673264D0-549C-480B-9A94-F60F081A9803}.Debug|Any CPU.Build.0 = Debug|Any CPU
		{673264D0-549C-480B-9A94-F60F081A9803}.Release|Any CPU.ActiveCfg = Release|Any CPU
		{673264D0-549C-480B-9A94-F60F081A9803}.Release|Any CPU.Build.0 = Release|Any CPU
	EndGlobalSection
	GlobalSection(SolutionProperties) = preSolution
		HideSolutionNode = FALSE
	EndGlobalSection
	GlobalSection(ExtensibilityGlobals) = postSolution
		SolutionGuid = {8BBB542C-3E03-4AB5-B8DF-D5E7E3B79F9F}
	EndGlobalSection
EndGlobal
